
Microsoft Visual Studio Solution File, Format Version 12.00
# Visual Studio Version 17
VisualStudioVersion = 17.11.35222.181
MinimumVisualStudioVersion = 10.0.40219.1
Project("{FAE04EC0-301F-11D3-BF4B-00C04F79EFBC}") = "CacaoDuarteAPI", "CacaoDuarteAPI\CacaoDuarteAPI.csproj", "{092BDA24-3041-4116-8C98-6521FA5F50AB}"
EndProject
Global
	GlobalSection(SolutionConfigurationPlatforms) = preSolution
		Debug|Any CPU = Debug|Any CPU
		Release|Any CPU = Release|Any CPU
	EndGlobalSection
	GlobalSection(ProjectConfigurationPlatforms) = postSolution
		{092BDA24-3041-4116-8C98-6521FA5F50AB}.Debug|Any CPU.ActiveCfg = Debug|Any CPU
		{092BDA24-3041-4116-8C98-6521FA5F50AB}.Debug|Any CPU.Build.0 = Debug|Any CPU
		{092BDA24-3041-4116-8C98-6521FA5F50AB}.Release|Any CPU.ActiveCfg = Release|Any CPU
		{092BDA24-3041-4116-8C98-6521FA5F50AB}.Release|Any CPU.Build.0 = Release|Any CPU
	EndGlobalSection
	GlobalSection(SolutionProperties) = preSolution
		HideSolutionNode = FALSE
	EndGlobalSection
	GlobalSection(ExtensibilityGlobals) = postSolution
		SolutionGuid = {A6B21841-6444-4D04-A58F-1E8CAC3227EC}
	EndGlobalSection
EndGlobal
